{"1.2.0",
[{<<"cowboy">>,
  {git,"https://github.com/arodionov53/cowboy.git",
       {ref,"c7d0ca513c0b559cbae72ac566285e4275c44201"}},
  0},
 {<<"cowlib">>,
  {git,"git://github.com/lpgauth/cowlib.git",
       {ref,"30c745baa42b778fd178b4d91cc4d2fd75ccb854"}},
  1},
 {<<"erl_string_encoders">>,
  {git,"https://github.com/ratelle/erl_string_encoders.git",
       {ref,"1bd10585beee6b5d00f171ce9081fcc0e5f535e2"}},
  1},
 {<<"foil">>,{pkg,<<"foil">>,<<"0.1.0">>},1},
 {<<"granderl">>,{pkg,<<"granderl">>,<<"0.1.5">>},1},
 {<<"metal">>,{pkg,<<"metal">>,<<"0.1.1">>},1},
 {<<"parse_trans">>,{pkg,<<"parse_trans">>,<<"3.0.0">>},1},
 {<<"ranch">>,
  {git,"https://github.com/arodionov53/ranch.git",
       {ref,"74da5f4ce0a40a435c270021aee8d7f5f42f92ec"}},
  1},
 {<<"shackle">>,{pkg,<<"shackle">>,<<"0.6.11">>},1},
 {<<"statsderl">>,
  {git,"https://github.com/lpgauth/statsderl.git",
       {ref,"87e94ca8084a8fdbff95c1ed26763373511c7053"}},
  0}]}.
[
{pkg_hash,[
 {<<"foil">>, <<"16406493144743F633505E51406F7BE6BF17A3772DFD62BCDE3107C654704BEE">>},
 {<<"granderl">>, <<"F20077A68BD80B8D8783BD15A052813C6483771DEC1A5B837D307CBE92F14122">>},
 {<<"metal">>, <<"5D3D1322DA7BCD34B94FED5486F577973685298883954F7A3E517EF5EF6953F5">>},
 {<<"parse_trans">>, <<"9E96B1C9C3A0DF54E7B76F8F685D38BFA1EB21B31E042B1D1A5A70258E4DB1E3">>},
 {<<"shackle">>, <<"949245E1AE690DECAD887B046CCCA595E5F3FC798A317131466985F5BBA64298">>}]},
{pkg_hash_ext,[
 {<<"foil">>, <<"BA8A1773D1AF12BD24E06657C87547AA81872950F7C503F39E0F31E39BB2BC39">>},
 {<<"granderl">>, <<"0641473F29BC3211C832A6DD3ADAA04544A5DFFC1C62372556946F236DF2DAD6">>},
 {<<"metal">>, <<"88B82B634998A1A768DEDCD372C2F7E657B19445325C0AF5CCBAC62C77210F1D">>},
 {<<"parse_trans">>, <<"5495A3309051DF7F510BC1FDABDA92DFF5417186A8F66D4419AAD6BA0AF5F0CB">>},
 {<<"shackle">>, <<"BAF9443E210309594BC683CDE056FFA66AF85FC1D26779164F855E0818ABEC28">>}]}
].
